// !$*UTF8*$!
{
	archiveVersion = 1;
	classes = {
	};
	objectVersion = 77;
	objects = {

/* Begin PBXContainerItemProxy section */
		42F7BCE62CF6C977005DB503 /* PBXContainerItemProxy */ = {
			isa = PBXContainerItemProxy;
			containerPortal = 42F7BCCB2CF6C975005DB503 /* Project object */;
			proxyType = 1;
			remoteGlobalIDString = 42F7BCD22CF6C975005DB503;
			remoteInfo = Morze;
		};
		42F7BCF02CF6C977005DB503 /* PBXContainerItemProxy */ = {
			isa = PBXContainerItemProxy;
			containerPortal = 42F7BCCB2CF6C975005DB503 /* Project object */;
			proxyType = 1;
			remoteGlobalIDString = 42F7BCD22CF6C975005DB503;
			remoteInfo = Morze;
		};
/* End PBXContainerItemProxy section */

/* Begin PBXFileReference section */
		42F7BCD32CF6C975005DB503 /* Morze.app */ = {isa = PBXFileReference; explicitFileType = wrapper.application; includeInIndex = 0; path = Morze.app; sourceTree = BUILT_PRODUCTS_DIR; };
		42F7BCE52CF6C977005DB503 /* MorzeTests.xctest */ = {isa = PBXFileReference; explicitFileType = wrapper.cfbundle; includeInIndex = 0; path = MorzeTests.xctest; sourceTree = BUILT_PRODUCTS_DIR; };
		42F7BCEF2CF6C977005DB503 /* MorzeUITests.xctest */ = {isa = PBXFileReference; explicitFileType = wrapper.cfbundle; includeInIndex = 0; path = MorzeUITests.xctest; sourceTree = BUILT_PRODUCTS_DIR; };
/* End PBXFileReference section */

/* Begin PBXFileSystemSynchronizedRootGroup section */
		42F7BCD52CF6C975005DB503 /* Morze */ = {
			isa = PBXFileSystemSynchronizedRootGroup;
			path = Morze;
			sourceTree = "<group>";
		};
		42F7BCE82CF6C977005DB503 /* MorzeTests */ = {
			isa = PBXFileSystemSynchronizedRootGroup;
			path = MorzeTests;
			sourceTree = "<group>";
		};
		42F7BCF22CF6C977005DB503 /* MorzeUITests */ = {
			isa = PBXFileSystemSynchronizedRootGroup;
			path = MorzeUITests;
			sourceTree = "<group>";
		};
/* End PBXFileSystemSynchronizedRootGroup section */

/* Begin PBXFrameworksBuildPhase section */
		42F7BCD02CF6C975005DB503 /* Frameworks */ = {
			isa = PBXFrameworksBuildPhase;
			buildActionMask = 2147483647;
			files = (
			);
			runOnlyForDeploymentPostprocessing = 0;
		};
		42F7BCE22CF6C977005DB503 /* Frameworks */ = {
			isa = PBXFrameworksBuildPhase;
			buildActionMask = 2147483647;
			files = (
			);
			runOnlyForDeploymentPostprocessing = 0;
		};
		42F7BCEC2CF6C977005DB503 /* Frameworks */ = {
			isa = PBXFrameworksBuildPhase;
			buildActionMask = 2147483647;
			files = (
			);
			runOnlyForDeploymentPostprocessing = 0;
		};
/* End PBXFrameworksBuildPhase section */

/* Begin PBXGroup section */
		42F7BCCA2CF6C975005DB503 = {
			isa = PBXGroup;
			children = (
				42F7BCD52CF6C975005DB503 /* Morze */,
				42F7BCE82CF6C977005DB503 /* MorzeTests */,
				42F7BCF22CF6C977005DB503 /* MorzeUITests */,
				42F7BCD42CF6C975005DB503 /* Products */,
			);
			sourceTree = "<group>";
		};
		42F7BCD42CF6C975005DB503 /* Products */ = {
			isa = PBXGroup;
			children = (
				42F7BCD32CF6C975005DB503 /* Morze.app */,
				42F7BCE52CF6C977005DB503 /* MorzeTests.xctest */,
				42F7BCEF2CF6C977005DB503 /* MorzeUITests.xctest */,
			);
			name = Products;
			sourceTree = "<group>";
		};
/* End PBXGroup section */

/* Begin PBXNativeTarget section */
		42F7BCD22CF6C975005DB503 /* Morze */ = {
			isa = PBXNativeTarget;
			buildConfigurationList = 42F7BCF92CF6C977005DB503 /* Build configuration list for PBXNativeTarget "Morze" */;
			buildPhases = (
				42F7BCCF2CF6C975005DB503 /* Sources */,
				42F7BCD02CF6C975005DB503 /* Frameworks */,
				42F7BCD12CF6C975005DB503 /* Resources */,
			);
			buildRules = (
			);
			dependencies = (
			);
			fileSystemSynchronizedGroups = (
				42F7BCD52CF6C975005DB503 /* Morze */,
			);
			name = Morze;
			packageProductDependencies = (
			);
			productName = Morze;
			productReference = 42F7BCD32CF6C975005DB503 /* Morze.app */;
			productType = "com.apple.product-type.application";
		};
		42F7BCE42CF6C977005DB503 /* MorzeTests */ = {
			isa = PBXNativeTarget;
			buildConfigurationList = 42F7BCFC2CF6C977005DB503 /* Build configuration list for PBXNativeTarget "MorzeTests" */;
			buildPhases = (
				42F7BCE12CF6C977005DB503 /* Sources */,
				42F7BCE22CF6C977005DB503 /* Frameworks */,
				42F7BCE32CF6C977005DB503 /* Resources */,
			);
			buildRules = (
			);
			dependencies = (
				42F7BCE72CF6C977005DB503 /* PBXTargetDependency */,
			);
			fileSystemSynchronizedGroups = (
				42F7BCE82CF6C977005DB503 /* MorzeTests */,
			);
			name = MorzeTests;
			packageProductDependencies = (
			);
			productName = MorzeTests;
			productReference = 42F7BCE52CF6C977005DB503 /* MorzeTests.xctest */;
			productType = "com.apple.product-type.bundle.unit-test";
		};
		42F7BCEE2CF6C977005DB503 /* MorzeUITests */ = {
			isa = PBXNativeTarget;
			buildConfigurationList = 42F7BCFF2CF6C977005DB503 /* Build configuration list for PBXNativeTarget "MorzeUITests" */;
			buildPhases = (
				42F7BCEB2CF6C977005DB503 /* Sources */,
				42F7BCEC2CF6C977005DB503 /* Frameworks */,
				42F7BCED2CF6C977005DB503 /* Resources */,
			);
			buildRules = (
			);
			dependencies = (
				42F7BCF12CF6C977005DB503 /* PBXTargetDependency */,
			);
			fileSystemSynchronizedGroups = (
				42F7BCF22CF6C977005DB503 /* MorzeUITests */,
			);
			name = MorzeUITests;
			packageProductDependencies = (
			);
			productName = MorzeUITests;
			productReference = 42F7BCEF2CF6C977005DB503 /* MorzeUITests.xctest */;
			productType = "com.apple.product-type.bundle.ui-testing";
		};
/* End PBXNativeTarget section */

/* Begin PBXProject section */
		42F7BCCB2CF6C975005DB503 /* Project object */ = {
			isa = PBXProject;
			attributes = {
				BuildIndependentTargetsInParallel = 1;
				LastSwiftUpdateCheck = 1610;
				LastUpgradeCheck = 1610;
				TargetAttributes = {
					42F7BCD22CF6C975005DB503 = {
						CreatedOnToolsVersion = 16.1;
					};
					42F7BCE42CF6C977005DB503 = {
						CreatedOnToolsVersion = 16.1;
						TestTargetID = 42F7BCD22CF6C975005DB503;
					};
					42F7BCEE2CF6C977005DB503 = {
						CreatedOnToolsVersion = 16.1;
						TestTargetID = 42F7BCD22CF6C975005DB503;
					};
				};
			};
			buildConfigurationList = 42F7BCCE2CF6C975005DB503 /* Build configuration list for PBXProject "Morze" */;
			developmentRegion = en;
			hasScannedForEncodings = 0;
			knownRegions = (
				en,
				Base,
			);
			mainGroup = 42F7BCCA2CF6C975005DB503;
			minimizedProjectReferenceProxies = 1;
			preferredProjectObjectVersion = 77;
			productRefGroup = 42F7BCD42CF6C975005DB503 /* Products */;
			projectDirPath = "";
			projectRoot = "";
			targets = (
				42F7BCD22CF6C975005DB503 /* Morze */,
				42F7BCE42CF6C977005DB503 /* MorzeTests */,
				42F7BCEE2CF6C977005DB503 /* MorzeUITests */,
			);
		};
/* End PBXProject section */

/* Begin PBXResourcesBuildPhase section */
		42F7BCD12CF6C975005DB503 /* Resources */ = {
			isa = PBXResourcesBuildPhase;
			buildActionMask = 2147483647;
			files = (
			);
			runOnlyForDeploymentPostprocessing = 0;
		};
		42F7BCE32CF6C977005DB503 /* Resources */ = {
			isa = PBXResourcesBuildPhase;
			buildActionMask = 2147483647;
			files = (
			);
			runOnlyForDeploymentPostprocessing = 0;
		};
		42F7BCED2CF6C977005DB503 /* Resources */ = {
			isa = PBXResourcesBuildPhase;
			buildActionMask = 2147483647;
			files = (
			);
			runOnlyForDeploymentPostprocessing = 0;
		};
/* End PBXResourcesBuildPhase section */

/* Begin PBXSourcesBuildPhase section */
		42F7BCCF2CF6C975005DB503 /* Sources */ = {
			isa = PBXSourcesBuildPhase;
			buildActionMask = 2147483647;
			files = (
			);
			runOnlyForDeploymentPostprocessing = 0;
		};
		42F7BCE12CF6C977005DB503 /* Sources */ = {
			isa = PBXSourcesBuildPhase;
			buildActionMask = 2147483647;
			files = (
			);
			runOnlyForDeploymentPostprocessing = 0;
		};
		42F7BCEB2CF6C977005DB503 /* Sources */ = {
			isa = PBXSourcesBuildPhase;
			buildActionMask = 2147483647;
			files = (
			);
			runOnlyForDeploymentPostprocessing = 0;
		};
/* End PBXSourcesBuildPhase section */

/* Begin PBXTargetDependency section */
		42F7BCE72CF6C977005DB503 /* PBXTargetDependency */ = {
			isa = PBXTargetDependency;
			target = 42F7BCD22CF6C975005DB503 /* Morze */;
			targetProxy = 42F7BCE62CF6C977005DB503 /* PBXContainerItemProxy */;
		};
		42F7BCF12CF6C977005DB503 /* PBXTargetDependency */ = {
			isa = PBXTargetDependency;
			target = 42F7BCD22CF6C975005DB503 /* Morze */;
			targetProxy = 42F7BCF02CF6C977005DB503 /* PBXContainerItemProxy */;
		};
/* End PBXTargetDependency section */

/* Begin XCBuildConfiguration section */
		42F7BCF72CF6C977005DB503 /* Debug */ = {
			isa = XCBuildConfiguration;
			buildSettings = {
				ALWAYS_SEARCH_USER_PATHS = NO;
				ASSETCATALOG_COMPILER_GENERATE_SWIFT_ASSET_SYMBOL_EXTENSIONS = YES;
				CLANG_ANALYZER_NONNULL = YES;
				CLANG_ANALYZER_NUMBER_OBJECT_CONVERSION = YES_AGGRESSIVE;
				CLANG_CXX_LANGUAGE_STANDARD = "gnu++20";
				CLANG_ENABLE_MODULES = YES;
				CLANG_ENABLE_OBJC_ARC = YES;
				CLANG_ENABLE_OBJC_WEAK = YES;
				CLANG_WARN_BLOCK_CAPTURE_AUTORELEASING = YES;
				CLANG_WARN_BOOL_CONVERSION = YES;
				CLANG_WARN_COMMA = YES;
				CLANG_WARN_CONSTANT_CONVERSION = YES;
				CLANG_WARN_DEPRECATED_OBJC_IMPLEMENTATIONS = YES;
				CLANG_WARN_DIRECT_OBJC_ISA_USAGE = YES_ERROR;
				CLANG_WARN_DOCUMENTATION_COMMENTS = YES;
				CLANG_WARN_EMPTY_BODY = YES;
				CLANG_WARN_ENUM_CONVERSION = YES;
				CLANG_WARN_INFINITE_RECURSION = YES;
				CLANG_WARN_INT_CONVERSION = YES;
				CLANG_WARN_NON_LITERAL_NULL_CONVERSION = YES;
				CLANG_WARN_OBJC_IMPLICIT_RETAIN_SELF = YES;
				CLANG_WARN_OBJC_LITERAL_CONVERSION = YES;
				CLANG_WARN_OBJC_ROOT_CLASS = YES_ERROR;
				CLANG_WARN_QUOTED_INCLUDE_IN_FRAMEWORK_HEADER = YES;
				CLANG_WARN_RANGE_LOOP_ANALYSIS = YES;
				CLANG_WARN_STRICT_PROTOTYPES = YES;
				CLANG_WARN_SUSPICIOUS_MOVE = YES;
				CLANG_WARN_UNGUARDED_AVAILABILITY = YES_AGGRESSIVE;
				CLANG_WARN_UNREACHABLE_CODE = YES;
				CLANG_WARN__DUPLICATE_METHOD_MATCH = YES;
				COPY_PHASE_STRIP = NO;
				DEBUG_INFORMATION_FORMAT = dwarf;
				ENABLE_STRICT_OBJC_MSGSEND = YES;
				ENABLE_TESTABILITY = YES;
				ENABLE_USER_SCRIPT_SANDBOXING = YES;
				GCC_C_LANGUAGE_STANDARD = gnu17;
				GCC_DYNAMIC_NO_PIC = NO;
				GCC_NO_COMMON_BLOCKS = YES;
				GCC_OPTIMIZATION_LEVEL = 0;
				GCC_PREPROCESSOR_DEFINITIONS = (
					"DEBUG=1",
					"$(inherited)",
				);
				GCC_WARN_64_TO_32_BIT_CONVERSION = YES;
				GCC_WARN_ABOUT_RETURN_TYPE = YES_ERROR;
				GCC_WARN_UNDECLARED_SELECTOR = YES;
				GCC_WARN_UNINITIALIZED_AUTOS = YES_AGGRESSIVE;
				GCC_WARN_UNUSED_FUNCTION = YES;
				GCC_WARN_UNUSED_VARIABLE = YES;
				IPHONEOS_DEPLOYMENT_TARGET = 18.1;
				LOCALIZATION_PREFERS_STRING_CATALOGS = YES;
				MTL_ENABLE_DEBUG_INFO = INCLUDE_SOURCE;
				MTL_FAST_MATH = YES;
				ONLY_ACTIVE_ARCH = YES;
				SDKROOT = iphoneos;
				SWIFT_ACTIVE_COMPILATION_CONDITIONS = "DEBUG $(inherited)";
				SWIFT_OPTIMIZATION_LEVEL = "-Onone";
			};
			name = Debug;
		};
		42F7BCF82CF6C977005DB503 /* Release */ = {
			isa = XCBuildConfiguration;
			buildSettings = {
				ALWAYS_SEARCH_USER_PATHS = NO;
				ASSETCATALOG_COMPILER_GENERATE_SWIFT_ASSET_SYMBOL_EXTENSIONS = YES;
				CLANG_ANALYZER_NONNULL = YES;
				CLANG_ANALYZER_NUMBER_OBJECT_CONVERSION = YES_AGGRESSIVE;
				CLANG_CXX_LANGUAGE_STANDARD = "gnu++20";
				CLANG_ENABLE_MODULES = YES;
				CLANG_ENABLE_OBJC_ARC = YES;
				CLANG_ENABLE_OBJC_WEAK = YES;
				CLANG_WARN_BLOCK_CAPTURE_AUTORELEASING = YES;
				CLANG_WARN_BOOL_CONVERSION = YES;
				CLANG_WARN_COMMA = YES;
				CLANG_WARN_CONSTANT_CONVERSION = YES;
				CLANG_WARN_DEPRECATED_OBJC_IMPLEMENTATIONS = YES;
				CLANG_WARN_DIRECT_OBJC_ISA_USAGE = YES_ERROR;
				CLANG_WARN_DOCUMENTATION_COMMENTS = YES;
				CLANG_WARN_EMPTY_BODY = YES;
				CLANG_WARN_ENUM_CONVERSION = YES;
				CLANG_WARN_INFINITE_RECURSION = YES;
				CLANG_WARN_INT_CONVERSION = YES;
				CLANG_WARN_NON_LITERAL_NULL_CONVERSION = YES;
				CLANG_WARN_OBJC_IMPLICIT_RETAIN_SELF = YES;
				CLANG_WARN_OBJC_LITERAL_CONVERSION = YES;
				CLANG_WARN_OBJC_ROOT_CLASS = YES_ERROR;
				CLANG_WARN_QUOTED_INCLUDE_IN_FRAMEWORK_HEADER = YES;
				CLANG_WARN_RANGE_LOOP_ANALYSIS = YES;
				CLANG_WARN_STRICT_PROTOTYPES = YES;
				CLANG_WARN_SUSPICIOUS_MOVE = YES;
				CLANG_WARN_UNGUARDED_AVAILABILITY = YES_AGGRESSIVE;
				CLANG_WARN_UNREACHABLE_CODE = YES;
				CLANG_WARN__DUPLICATE_METHOD_MATCH = YES;
				COPY_PHASE_STRIP = NO;
				DEBUG_INFORMATION_FORMAT = "dwarf-with-dsym";
				ENABLE_NS_ASSERTIONS = NO;
				ENABLE_STRICT_OBJC_MSGSEND = YES;
				ENABLE_USER_SCRIPT_SANDBOXING = YES;
				GCC_C_LANGUAGE_STANDARD = gnu17;
				GCC_NO_COMMON_BLOCKS = YES;
				GCC_WARN_64_TO_32_BIT_CONVERSION = YES;
				GCC_WARN_ABOUT_RETURN_TYPE = YES_ERROR;
				GCC_WARN_UNDECLARED_SELECTOR = YES;
				GCC_WARN_UNINITIALIZED_AUTOS = YES_AGGRESSIVE;
				GCC_WARN_UNUSED_FUNCTION = YES;
				GCC_WARN_UNUSED_VARIABLE = YES;
				IPHONEOS_DEPLOYMENT_TARGET = 18.1;
				LOCALIZATION_PREFERS_STRING_CATALOGS = YES;
				MTL_ENABLE_DEBUG_INFO = NO;
				MTL_FAST_MATH = YES;
				SDKROOT = iphoneos;
				SWIFT_COMPILATION_MODE = wholemodule;
				VALIDATE_PRODUCT = YES;
			};
			name = Release;
		};
		42F7BCFA2CF6C977005DB503 /* Debug */ = {
			isa = XCBuildConfiguration;
			buildSettings = {
				ASSETCATALOG_COMPILER_APPICON_NAME = AppIcon;
				ASSETCATALOG_COMPILER_GLOBAL_ACCENT_COLOR_NAME = AccentColor;
				CODE_SIGN_STYLE = Automatic;
				CURRENT_PROJECT_VERSION = 1;
				DEVELOPMENT_ASSET_PATHS = "\"Morze/Preview Content\"";
				DEVELOPMENT_TEAM = K2LC483PKZ;
				ENABLE_PREVIEWS = YES;
				GENERATE_INFOPLIST_FILE = YES;
				INFOPLIST_KEY_UIApplicationSceneManifest_Generation = YES;
				INFOPLIST_KEY_UIApplicationSupportsIndirectInputEvents = YES;
				INFOPLIST_KEY_UILaunchScreen_Generation = YES;
				INFOPLIST_KEY_UISupportedInterfaceOrientations_iPad = "UIInterfaceOrientationPortrait UIInterfaceOrientationPortraitUpsideDown UIInterfaceOrientationLandscapeLeft UIInterfaceOrientationLandscapeRight";
				INFOPLIST_KEY_UISupportedInterfaceOrientations_iPhone = "UIInterfaceOrientationPortrait UIInterfaceOrientationLandscapeLeft UIInterfaceOrientationLandscapeRight";
				LD_RUNPATH_SEARCH_PATHS = (
					"$(inherited)",
					"@executable_path/Frameworks",
				);
				MARKETING_VERSION = 1.0;
				PRODUCT_BUNDLE_IDENTIFIER = "Dmytro-Ryshchuk.Morze";
				PRODUCT_NAME = "$(TARGET_NAME)";
				SWIFT_EMIT_LOC_STRINGS = YES;
				SWIFT_VERSION = 5.0;
				TARGETED_DEVICE_FAMILY = "1,2";
			};
			name = Debug;
		};
		42F7BCFB2CF6C977005DB503 /* Release */ = {
			isa = XCBuildConfiguration;
			buildSettings = {
				ASSETCATALOG_COMPILER_APPICON_NAME = AppIcon;
				ASSETCATALOG_COMPILER_GLOBAL_ACCENT_COLOR_NAME = AccentColor;
				CODE_SIGN_STYLE = Automatic;
				CURRENT_PROJECT_VERSION = 1;
				DEVELOPMENT_ASSET_PATHS = "\"Morze/Preview Content\"";
				DEVELOPMENT_TEAM = K2LC483PKZ;
				ENABLE_PREVIEWS = YES;
				GENERATE_INFOPLIST_FILE = YES;
				INFOPLIST_KEY_UIApplicationSceneManifest_Generation = YES;
				INFOPLIST_KEY_UIApplicationSupportsIndirectInputEvents = YES;
				INFOPLIST_KEY_UILaunchScreen_Generation = YES;
				INFOPLIST_KEY_UISupportedInterfaceOrientations_iPad = "UIInterfaceOrientationPortrait UIInterfaceOrientationPortraitUpsideDown UIInterfaceOrientationLandscapeLeft UIInterfaceOrientationLandscapeRight";
				INFOPLIST_KEY_UISupportedInterfaceOrientations_iPhone = "UIInterfaceOrientationPortrait UIInterfaceOrientationLandscapeLeft UIInterfaceOrientationLandscapeRight";
				LD_RUNPATH_SEARCH_PATHS = (
					"$(inherited)",
					"@executable_path/Frameworks",
				);
				MARKETING_VERSION = 1.0;
				PRODUCT_BUNDLE_IDENTIFIER = "Dmytro-Ryshchuk.Morze";
				PRODUCT_NAME = "$(TARGET_NAME)";
				SWIFT_EMIT_LOC_STRINGS = YES;
				SWIFT_VERSION = 5.0;
				TARGETED_DEVICE_FAMILY = "1,2";
			};
			name = Release;
		};
		42F7BCFD2CF6C977005DB503 /* Debug */ = {
			isa = XCBuildConfiguration;
			buildSettings = {
				BUNDLE_LOADER = "$(TEST_HOST)";
				CODE_SIGN_STYLE = Automatic;
				CURRENT_PROJECT_VERSION = 1;
				DEVELOPMENT_TEAM = K2LC483PKZ;
				GENERATE_INFOPLIST_FILE = YES;
				IPHONEOS_DEPLOYMENT_TARGET = 18.1;
				MARKETING_VERSION = 1.0;
				PRODUCT_BUNDLE_IDENTIFIER = "Dmytro-Ryshchuk.MorzeTests";
				PRODUCT_NAME = "$(TARGET_NAME)";
				SWIFT_EMIT_LOC_STRINGS = NO;
				SWIFT_VERSION = 5.0;
				TARGETED_DEVICE_FAMILY = "1,2";
				TEST_HOST = "$(BUILT_PRODUCTS_DIR)/Morze.app/$(BUNDLE_EXECUTABLE_FOLDER_PATH)/Morze";
			};
			name = Debug;
		};
		42F7BCFE2CF6C977005DB503 /* Release */ = {
			isa = XCBuildConfiguration;
			buildSettings = {
				BUNDLE_LOADER = "$(TEST_HOST)";
				CODE_SIGN_STYLE = Automatic;
				CURRENT_PROJECT_VERSION = 1;
				DEVELOPMENT_TEAM = K2LC483PKZ;
				GENERATE_INFOPLIST_FILE = YES;
				IPHONEOS_DEPLOYMENT_TARGET = 18.1;
				MARKETING_VERSION = 1.0;
				PRODUCT_BUNDLE_IDENTIFIER = "Dmytro-Ryshchuk.MorzeTests";
				PRODUCT_NAME = "$(TARGET_NAME)";
				SWIFT_EMIT_LOC_STRINGS = NO;
				SWIFT_VERSION = 5.0;
				TARGETED_DEVICE_FAMILY = "1,2";
				TEST_HOST = "$(BUILT_PRODUCTS_DIR)/Morze.app/$(BUNDLE_EXECUTABLE_FOLDER_PATH)/Morze";
			};
			name = Release;
		};
		42F7BD002CF6C977005DB503 /* Debug */ = {
			isa = XCBuildConfiguration;
			buildSettings = {
				CODE_SIGN_STYLE = Automatic;
				CURRENT_PROJECT_VERSION = 1;
				DEVELOPMENT_TEAM = K2LC483PKZ;
				GENERATE_INFOPLIST_FILE = YES;
				MARKETING_VERSION = 1.0;
				PRODUCT_BUNDLE_IDENTIFIER = "Dmytro-Ryshchuk.MorzeUITests";
				PRODUCT_NAME = "$(TARGET_NAME)";
				SWIFT_EMIT_LOC_STRINGS = NO;
				SWIFT_VERSION = 5.0;
				TARGETED_DEVICE_FAMILY = "1,2";
				TEST_TARGET_NAME = Morze;
			};
			name = Debug;
		};
		42F7BD012CF6C977005DB503 /* Release */ = {
			isa = XCBuildConfiguration;
			buildSettings = {
				CODE_SIGN_STYLE = Automatic;
				CURRENT_PROJECT_VERSION = 1;
				DEVELOPMENT_TEAM = K2LC483PKZ;
				GENERATE_INFOPLIST_FILE = YES;
				MARKETING_VERSION = 1.0;
				PRODUCT_BUNDLE_IDENTIFIER = "Dmytro-Ryshchuk.MorzeUITests";
				PRODUCT_NAME = "$(TARGET_NAME)";
				SWIFT_EMIT_LOC_STRINGS = NO;
				SWIFT_VERSION = 5.0;
				TARGETED_DEVICE_FAMILY = "1,2";
				TEST_TARGET_NAME = Morze;
			};
			name = Release;
		};
/* End XCBuildConfiguration section */

/* Begin XCConfigurationList section */
		42F7BCCE2CF6C975005DB503 /* Build configuration list for PBXProject "Morze" */ = {
			isa = XCConfigurationList;
			buildConfigurations = (
				42F7BCF72CF6C977005DB503 /* Debug */,
				42F7BCF82CF6C977005DB503 /* Release */,
			);
			defaultConfigurationIsVisible = 0;
			defaultConfigurationName = Release;
		};
		42F7BCF92CF6C977005DB503 /* Build configuration list for PBXNativeTarget "Morze" */ = {
			isa = XCConfigurationList;
			buildConfigurations = (
				42F7BCFA2CF6C977005DB503 /* Debug */,
				42F7BCFB2CF6C977005DB503 /* Release */,
			);
			defaultConfigurationIsVisible = 0;
			defaultConfigurationName = Release;
		};
		42F7BCFC2CF6C977005DB503 /* Build configuration list for PBXNativeTarget "MorzeTests" */ = {
			isa = XCConfigurationList;
			buildConfigurations = (
				42F7BCFD2CF6C977005DB503 /* Debug */,
				42F7BCFE2CF6C977005DB503 /* Release */,
			);
			defaultConfigurationIsVisible = 0;
			defaultConfigurationName = Release;
		};
		42F7BCFF2CF6C977005DB503 /* Build configuration list for PBXNativeTarget "MorzeUITests" */ = {
			isa = XCConfigurationList;
			buildConfigurations = (
				42F7BD002CF6C977005DB503 /* Debug */,
				42F7BD012CF6C977005DB503 /* Release */,
			);
			defaultConfigurationIsVisible = 0;
			defaultConfigurationName = Release;
		};
/* End XCConfigurationList section */
	};
	rootObject = 42F7BCCB2CF6C975005DB503 /* Project object */;
}
